// !$*UTF8*$!
{
	archiveVersion = 1;
	classes = {
	};
	objectVersion = 50;
	objects = {

/* Begin PBXBuildFile section */
		F306BA442589A21E000CCBEA /* Resource.swift in Sources */ = {isa = PBXBuildFile; fileRef = F306BA432589A21E000CCBEA /* Resource.swift */; };
		F306BA4C2589A3C3000CCBEA /* ApiConstants.swift in Sources */ = {isa = PBXBuildFile; fileRef = F306BA4B2589A3C3000CCBEA /* ApiConstants.swift */; };
		F306BA532589A5DF000CCBEA /* Resource+Movie.swift in Sources */ = {isa = PBXBuildFile; fileRef = F306BA522589A5DF000CCBEA /* Resource+Movie.swift */; };
		F306BA5C2589A672000CCBEA /* Movie.swift in Sources */ = {isa = PBXBuildFile; fileRef = F306BA5B2589A672000CCBEA /* Movie.swift */; };
		F306BA642589A690000CCBEA /* Movies.swift in Sources */ = {isa = PBXBuildFile; fileRef = F306BA632589A690000CCBEA /* Movies.swift */; };
		F306BA692589A6A9000CCBEA /* Genre.swift in Sources */ = {isa = PBXBuildFile; fileRef = F306BA682589A6A9000CCBEA /* Genre.swift */; };
		F33329F22583113D00EA8499 /* AppDelegate.swift in Sources */ = {isa = PBXBuildFile; fileRef = F33329F12583113D00EA8499 /* AppDelegate.swift */; };
		F33329F42583113D00EA8499 /* SceneDelegate.swift in Sources */ = {isa = PBXBuildFile; fileRef = F33329F32583113D00EA8499 /* SceneDelegate.swift */; };
		F33329F62583113D00EA8499 /* ViewController.swift in Sources */ = {isa = PBXBuildFile; fileRef = F33329F52583113D00EA8499 /* ViewController.swift */; };
		F33329F92583113D00EA8499 /* Main.storyboard in Resources */ = {isa = PBXBuildFile; fileRef = F33329F72583113D00EA8499 /* Main.storyboard */; };
		F33329FB2583113F00EA8499 /* Assets.xcassets in Resources */ = {isa = PBXBuildFile; fileRef = F33329FA2583113F00EA8499 /* Assets.xcassets */; };
		F33329FE2583113F00EA8499 /* LaunchScreen.storyboard in Resources */ = {isa = PBXBuildFile; fileRef = F33329FC2583113F00EA8499 /* LaunchScreen.storyboard */; };
		F3332A092583113F00EA8499 /* MoviesTests.swift in Sources */ = {isa = PBXBuildFile; fileRef = F3332A082583113F00EA8499 /* MoviesTests.swift */; };
		F3332A142583113F00EA8499 /* MoviesUITests.swift in Sources */ = {isa = PBXBuildFile; fileRef = F3332A132583113F00EA8499 /* MoviesUITests.swift */; };
/* End PBXBuildFile section */

/* Begin PBXContainerItemProxy section */
		F3332A052583113F00EA8499 /* PBXContainerItemProxy */ = {
			isa = PBXContainerItemProxy;
			containerPortal = F33329E62583113D00EA8499 /* Project object */;
			proxyType = 1;
			remoteGlobalIDString = F33329ED2583113D00EA8499;
			remoteInfo = Movies;
		};
		F3332A102583113F00EA8499 /* PBXContainerItemProxy */ = {
			isa = PBXContainerItemProxy;
			containerPortal = F33329E62583113D00EA8499 /* Project object */;
			proxyType = 1;
			remoteGlobalIDString = F33329ED2583113D00EA8499;
			remoteInfo = Movies;
		};
/* End PBXContainerItemProxy section */

/* Begin PBXFileReference section */
		F306BA432589A21E000CCBEA /* Resource.swift */ = {isa = PBXFileReference; lastKnownFileType = sourcecode.swift; path = Resource.swift; sourceTree = "<group>"; };
		F306BA4B2589A3C3000CCBEA /* ApiConstants.swift */ = {isa = PBXFileReference; lastKnownFileType = sourcecode.swift; path = ApiConstants.swift; sourceTree = "<group>"; };
		F306BA522589A5DF000CCBEA /* Resource+Movie.swift */ = {isa = PBXFileReference; lastKnownFileType = sourcecode.swift; path = "Resource+Movie.swift"; sourceTree = "<group>"; };
		F306BA5B2589A672000CCBEA /* Movie.swift */ = {isa = PBXFileReference; lastKnownFileType = sourcecode.swift; path = Movie.swift; sourceTree = "<group>"; };
		F306BA632589A690000CCBEA /* Movies.swift */ = {isa = PBXFileReference; lastKnownFileType = sourcecode.swift; path = Movies.swift; sourceTree = "<group>"; };
		F306BA682589A6A9000CCBEA /* Genre.swift */ = {isa = PBXFileReference; lastKnownFileType = sourcecode.swift; path = Genre.swift; sourceTree = "<group>"; };
		F33329EE2583113D00EA8499 /* Movies.app */ = {isa = PBXFileReference; explicitFileType = wrapper.application; includeInIndex = 0; path = Movies.app; sourceTree = BUILT_PRODUCTS_DIR; };
		F33329F12583113D00EA8499 /* AppDelegate.swift */ = {isa = PBXFileReference; lastKnownFileType = sourcecode.swift; path = AppDelegate.swift; sourceTree = "<group>"; };
		F33329F32583113D00EA8499 /* SceneDelegate.swift */ = {isa = PBXFileReference; lastKnownFileType = sourcecode.swift; path = SceneDelegate.swift; sourceTree = "<group>"; };
		F33329F52583113D00EA8499 /* ViewController.swift */ = {isa = PBXFileReference; lastKnownFileType = sourcecode.swift; path = ViewController.swift; sourceTree = "<group>"; };
		F33329F82583113D00EA8499 /* Base */ = {isa = PBXFileReference; lastKnownFileType = file.storyboard; name = Base; path = Base.lproj/Main.storyboard; sourceTree = "<group>"; };
		F33329FA2583113F00EA8499 /* Assets.xcassets */ = {isa = PBXFileReference; lastKnownFileType = folder.assetcatalog; path = Assets.xcassets; sourceTree = "<group>"; };
		F33329FD2583113F00EA8499 /* Base */ = {isa = PBXFileReference; lastKnownFileType = file.storyboard; name = Base; path = Base.lproj/LaunchScreen.storyboard; sourceTree = "<group>"; };
		F33329FF2583113F00EA8499 /* Info.plist */ = {isa = PBXFileReference; lastKnownFileType = text.plist.xml; path = Info.plist; sourceTree = "<group>"; };
		F3332A042583113F00EA8499 /* MoviesTests.xctest */ = {isa = PBXFileReference; explicitFileType = wrapper.cfbundle; includeInIndex = 0; path = MoviesTests.xctest; sourceTree = BUILT_PRODUCTS_DIR; };
		F3332A082583113F00EA8499 /* MoviesTests.swift */ = {isa = PBXFileReference; lastKnownFileType = sourcecode.swift; path = MoviesTests.swift; sourceTree = "<group>"; };
		F3332A0A2583113F00EA8499 /* Info.plist */ = {isa = PBXFileReference; lastKnownFileType = text.plist.xml; path = Info.plist; sourceTree = "<group>"; };
		F3332A0F2583113F00EA8499 /* MoviesUITests.xctest */ = {isa = PBXFileReference; explicitFileType = wrapper.cfbundle; includeInIndex = 0; path = MoviesUITests.xctest; sourceTree = BUILT_PRODUCTS_DIR; };
		F3332A132583113F00EA8499 /* MoviesUITests.swift */ = {isa = PBXFileReference; lastKnownFileType = sourcecode.swift; path = MoviesUITests.swift; sourceTree = "<group>"; };
		F3332A152583113F00EA8499 /* Info.plist */ = {isa = PBXFileReference; lastKnownFileType = text.plist.xml; path = Info.plist; sourceTree = "<group>"; };
/* End PBXFileReference section */

/* Begin PBXFrameworksBuildPhase section */
		F33329EB2583113D00EA8499 /* Frameworks */ = {
			isa = PBXFrameworksBuildPhase;
			buildActionMask = 2147483647;
			files = (
			);
			runOnlyForDeploymentPostprocessing = 0;
		};
		F3332A012583113F00EA8499 /* Frameworks */ = {
			isa = PBXFrameworksBuildPhase;
			buildActionMask = 2147483647;
			files = (
			);
			runOnlyForDeploymentPostprocessing = 0;
		};
		F3332A0C2583113F00EA8499 /* Frameworks */ = {
			isa = PBXFrameworksBuildPhase;
			buildActionMask = 2147483647;
			files = (
			);
			runOnlyForDeploymentPostprocessing = 0;
		};
/* End PBXFrameworksBuildPhase section */

/* Begin PBXGroup section */
		F306BA3725899BFB000CCBEA /* Network */ = {
			isa = PBXGroup;
			children = (
				F306BA432589A21E000CCBEA /* Resource.swift */,
				F306BA4B2589A3C3000CCBEA /* ApiConstants.swift */,
			);
			path = Network;
			sourceTree = "<group>";
		};
		F306BA502589A5BC000CCBEA /* UseCase */ = {
			isa = PBXGroup;
			children = (
				F306BA522589A5DF000CCBEA /* Resource+Movie.swift */,
			);
			path = UseCase;
			sourceTree = "<group>";
		};
		F306BA5A2589A665000CCBEA /* Entities */ = {
			isa = PBXGroup;
			children = (
				F306BA5B2589A672000CCBEA /* Movie.swift */,
				F306BA632589A690000CCBEA /* Movies.swift */,
				F306BA682589A6A9000CCBEA /* Genre.swift */,
			);
			path = Entities;
			sourceTree = "<group>";
		};
		F33329E52583113D00EA8499 = {
			isa = PBXGroup;
			children = (
				F33329F02583113D00EA8499 /* Movies */,
				F3332A072583113F00EA8499 /* MoviesTests */,
				F3332A122583113F00EA8499 /* MoviesUITests */,
				F33329EF2583113D00EA8499 /* Products */,
			);
			sourceTree = "<group>";
		};
		F33329EF2583113D00EA8499 /* Products */ = {
			isa = PBXGroup;
			children = (
				F33329EE2583113D00EA8499 /* Movies.app */,
				F3332A042583113F00EA8499 /* MoviesTests.xctest */,
				F3332A0F2583113F00EA8499 /* MoviesUITests.xctest */,
			);
			name = Products;
			sourceTree = "<group>";
		};
		F33329F02583113D00EA8499 /* Movies */ = {
			isa = PBXGroup;
			children = (
				F306BA5A2589A665000CCBEA /* Entities */,
				F306BA502589A5BC000CCBEA /* UseCase */,
				F306BA3725899BFB000CCBEA /* Network */,
				F33329F12583113D00EA8499 /* AppDelegate.swift */,
				F33329F32583113D00EA8499 /* SceneDelegate.swift */,
				F33329F52583113D00EA8499 /* ViewController.swift */,
				F33329F72583113D00EA8499 /* Main.storyboard */,
				F33329FA2583113F00EA8499 /* Assets.xcassets */,
				F33329FC2583113F00EA8499 /* LaunchScreen.storyboard */,
				F33329FF2583113F00EA8499 /* Info.plist */,
			);
			path = Movies;
			sourceTree = "<group>";
		};
		F3332A072583113F00EA8499 /* MoviesTests */ = {
			isa = PBXGroup;
			children = (
				F3332A082583113F00EA8499 /* MoviesTests.swift */,
				F3332A0A2583113F00EA8499 /* Info.plist */,
			);
			path = MoviesTests;
			sourceTree = "<group>";
		};
		F3332A122583113F00EA8499 /* MoviesUITests */ = {
			isa = PBXGroup;
			children = (
				F3332A132583113F00EA8499 /* MoviesUITests.swift */,
				F3332A152583113F00EA8499 /* Info.plist */,
			);
			path = MoviesUITests;
			sourceTree = "<group>";
		};
/* End PBXGroup section */

/* Begin PBXNativeTarget section */
		F33329ED2583113D00EA8499 /* Movies */ = {
			isa = PBXNativeTarget;
			buildConfigurationList = F3332A182583113F00EA8499 /* Build configuration list for PBXNativeTarget "Movies" */;
			buildPhases = (
				F33329EA2583113D00EA8499 /* Sources */,
				F33329EB2583113D00EA8499 /* Frameworks */,
				F33329EC2583113D00EA8499 /* Resources */,
			);
			buildRules = (
			);
			dependencies = (
			);
			name = Movies;
			productName = Movies;
			productReference = F33329EE2583113D00EA8499 /* Movies.app */;
			productType = "com.apple.product-type.application";
		};
		F3332A032583113F00EA8499 /* MoviesTests */ = {
			isa = PBXNativeTarget;
			buildConfigurationList = F3332A1B2583113F00EA8499 /* Build configuration list for PBXNativeTarget "MoviesTests" */;
			buildPhases = (
				F3332A002583113F00EA8499 /* Sources */,
				F3332A012583113F00EA8499 /* Frameworks */,
				F3332A022583113F00EA8499 /* Resources */,
			);
			buildRules = (
			);
			dependencies = (
				F3332A062583113F00EA8499 /* PBXTargetDependency */,
			);
			name = MoviesTests;
			productName = MoviesTests;
			productReference = F3332A042583113F00EA8499 /* MoviesTests.xctest */;
			productType = "com.apple.product-type.bundle.unit-test";
		};
		F3332A0E2583113F00EA8499 /* MoviesUITests */ = {
			isa = PBXNativeTarget;
			buildConfigurationList = F3332A1E2583113F00EA8499 /* Build configuration list for PBXNativeTarget "MoviesUITests" */;
			buildPhases = (
				F3332A0B2583113F00EA8499 /* Sources */,
				F3332A0C2583113F00EA8499 /* Frameworks */,
				F3332A0D2583113F00EA8499 /* Resources */,
			);
			buildRules = (
			);
			dependencies = (
				F3332A112583113F00EA8499 /* PBXTargetDependency */,
			);
			name = MoviesUITests;
			productName = MoviesUITests;
			productReference = F3332A0F2583113F00EA8499 /* MoviesUITests.xctest */;
			productType = "com.apple.product-type.bundle.ui-testing";
		};
/* End PBXNativeTarget section */

/* Begin PBXProject section */
		F33329E62583113D00EA8499 /* Project object */ = {
			isa = PBXProject;
			attributes = {
				LastSwiftUpdateCheck = 1210;
				LastUpgradeCheck = 1210;
				TargetAttributes = {
					F33329ED2583113D00EA8499 = {
						CreatedOnToolsVersion = 12.1;
					};
					F3332A032583113F00EA8499 = {
						CreatedOnToolsVersion = 12.1;
						TestTargetID = F33329ED2583113D00EA8499;
					};
					F3332A0E2583113F00EA8499 = {
						CreatedOnToolsVersion = 12.1;
						TestTargetID = F33329ED2583113D00EA8499;
					};
				};
			};
			buildConfigurationList = F33329E92583113D00EA8499 /* Build configuration list for PBXProject "Movies" */;
			compatibilityVersion = "Xcode 9.3";
			developmentRegion = en;
			hasScannedForEncodings = 0;
			knownRegions = (
				en,
				Base,
			);
			mainGroup = F33329E52583113D00EA8499;
			productRefGroup = F33329EF2583113D00EA8499 /* Products */;
			projectDirPath = "";
			projectRoot = "";
			targets = (
				F33329ED2583113D00EA8499 /* Movies */,
				F3332A032583113F00EA8499 /* MoviesTests */,
				F3332A0E2583113F00EA8499 /* MoviesUITests */,
			);
		};
/* End PBXProject section */

/* Begin PBXResourcesBuildPhase section */
		F33329EC2583113D00EA8499 /* Resources */ = {
			isa = PBXResourcesBuildPhase;
			buildActionMask = 2147483647;
			files = (
				F33329FE2583113F00EA8499 /* LaunchScreen.storyboard in Resources */,
				F33329FB2583113F00EA8499 /* Assets.xcassets in Resources */,
				F33329F92583113D00EA8499 /* Main.storyboard in Resources */,
			);
			runOnlyForDeploymentPostprocessing = 0;
		};
		F3332A022583113F00EA8499 /* Resources */ = {
			isa = PBXResourcesBuildPhase;
			buildActionMask = 2147483647;
			files = (
			);
			runOnlyForDeploymentPostprocessing = 0;
		};
		F3332A0D2583113F00EA8499 /* Resources */ = {
			isa = PBXResourcesBuildPhase;
			buildActionMask = 2147483647;
			files = (
			);
			runOnlyForDeploymentPostprocessing = 0;
		};
/* End PBXResourcesBuildPhase section */

/* Begin PBXSourcesBuildPhase section */
		F33329EA2583113D00EA8499 /* Sources */ = {
			isa = PBXSourcesBuildPhase;
			buildActionMask = 2147483647;
			files = (
				F306BA692589A6A9000CCBEA /* Genre.swift in Sources */,
				F306BA5C2589A672000CCBEA /* Movie.swift in Sources */,
				F306BA532589A5DF000CCBEA /* Resource+Movie.swift in Sources */,
				F306BA642589A690000CCBEA /* Movies.swift in Sources */,
				F33329F62583113D00EA8499 /* ViewController.swift in Sources */,
				F306BA442589A21E000CCBEA /* Resource.swift in Sources */,
				F306BA4C2589A3C3000CCBEA /* ApiConstants.swift in Sources */,
				F33329F22583113D00EA8499 /* AppDelegate.swift in Sources */,
				F33329F42583113D00EA8499 /* SceneDelegate.swift in Sources */,
			);
			runOnlyForDeploymentPostprocessing = 0;
		};
		F3332A002583113F00EA8499 /* Sources */ = {
			isa = PBXSourcesBuildPhase;
			buildActionMask = 2147483647;
			files = (
				F3332A092583113F00EA8499 /* MoviesTests.swift in Sources */,
			);
			runOnlyForDeploymentPostprocessing = 0;
		};
		F3332A0B2583113F00EA8499 /* Sources */ = {
			isa = PBXSourcesBuildPhase;
			buildActionMask = 2147483647;
			files = (
				F3332A142583113F00EA8499 /* MoviesUITests.swift in Sources */,
			);
			runOnlyForDeploymentPostprocessing = 0;
		};
/* End PBXSourcesBuildPhase section */

/* Begin PBXTargetDependency section */
		F3332A062583113F00EA8499 /* PBXTargetDependency */ = {
			isa = PBXTargetDependency;
			target = F33329ED2583113D00EA8499 /* Movies */;
			targetProxy = F3332A052583113F00EA8499 /* PBXContainerItemProxy */;
		};
		F3332A112583113F00EA8499 /* PBXTargetDependency */ = {
			isa = PBXTargetDependency;
			target = F33329ED2583113D00EA8499 /* Movies */;
			targetProxy = F3332A102583113F00EA8499 /* PBXContainerItemProxy */;
		};
/* End PBXTargetDependency section */

/* Begin PBXVariantGroup section */
		F33329F72583113D00EA8499 /* Main.storyboard */ = {
			isa = PBXVariantGroup;
			children = (
				F33329F82583113D00EA8499 /* Base */,
			);
			name = Main.storyboard;
			sourceTree = "<group>";
		};
		F33329FC2583113F00EA8499 /* LaunchScreen.storyboard */ = {
			isa = PBXVariantGroup;
			children = (
				F33329FD2583113F00EA8499 /* Base */,
			);
			name = LaunchScreen.storyboard;
			sourceTree = "<group>";
		};
/* End PBXVariantGroup section */

/* Begin XCBuildConfiguration section */
		F3332A162583113F00EA8499 /* Debug */ = {
			isa = XCBuildConfiguration;
			buildSettings = {
				ALWAYS_SEARCH_USER_PATHS = NO;
				CLANG_ANALYZER_NONNULL = YES;
				CLANG_ANALYZER_NUMBER_OBJECT_CONVERSION = YES_AGGRESSIVE;
				CLANG_CXX_LANGUAGE_STANDARD = "gnu++14";
				CLANG_CXX_LIBRARY = "libc++";
				CLANG_ENABLE_MODULES = YES;
				CLANG_ENABLE_OBJC_ARC = YES;
				CLANG_ENABLE_OBJC_WEAK = YES;
				CLANG_WARN_BLOCK_CAPTURE_AUTORELEASING = YES;
				CLANG_WARN_BOOL_CONVERSION = YES;
				CLANG_WARN_COMMA = YES;
				CLANG_WARN_CONSTANT_CONVERSION = YES;
				CLANG_WARN_DEPRECATED_OBJC_IMPLEMENTATIONS = YES;
				CLANG_WARN_DIRECT_OBJC_ISA_USAGE = YES_ERROR;
				CLANG_WARN_DOCUMENTATION_COMMENTS = YES;
				CLANG_WARN_EMPTY_BODY = YES;
				CLANG_WARN_ENUM_CONVERSION = YES;
				CLANG_WARN_INFINITE_RECURSION = YES;
				CLANG_WARN_INT_CONVERSION = YES;
				CLANG_WARN_NON_LITERAL_NULL_CONVERSION = YES;
				CLANG_WARN_OBJC_IMPLICIT_RETAIN_SELF = YES;
				CLANG_WARN_OBJC_LITERAL_CONVERSION = YES;
				CLANG_WARN_OBJC_ROOT_CLASS = YES_ERROR;
				CLANG_WARN_QUOTED_INCLUDE_IN_FRAMEWORK_HEADER = YES;
				CLANG_WARN_RANGE_LOOP_ANALYSIS = YES;
				CLANG_WARN_STRICT_PROTOTYPES = YES;
				CLANG_WARN_SUSPICIOUS_MOVE = YES;
				CLANG_WARN_UNGUARDED_AVAILABILITY = YES_AGGRESSIVE;
				CLANG_WARN_UNREACHABLE_CODE = YES;
				CLANG_WARN__DUPLICATE_METHOD_MATCH = YES;
				COPY_PHASE_STRIP = NO;
				DEBUG_INFORMATION_FORMAT = dwarf;
				ENABLE_STRICT_OBJC_MSGSEND = YES;
				ENABLE_TESTABILITY = YES;
				GCC_C_LANGUAGE_STANDARD = gnu11;
				GCC_DYNAMIC_NO_PIC = NO;
				GCC_NO_COMMON_BLOCKS = YES;
				GCC_OPTIMIZATION_LEVEL = 0;
				GCC_PREPROCESSOR_DEFINITIONS = (
					"DEBUG=1",
					"$(inherited)",
				);
				GCC_WARN_64_TO_32_BIT_CONVERSION = YES;
				GCC_WARN_ABOUT_RETURN_TYPE = YES_ERROR;
				GCC_WARN_UNDECLARED_SELECTOR = YES;
				GCC_WARN_UNINITIALIZED_AUTOS = YES_AGGRESSIVE;
				GCC_WARN_UNUSED_FUNCTION = YES;
				GCC_WARN_UNUSED_VARIABLE = YES;
				IPHONEOS_DEPLOYMENT_TARGET = 14.1;
				MTL_ENABLE_DEBUG_INFO = INCLUDE_SOURCE;
				MTL_FAST_MATH = YES;
				ONLY_ACTIVE_ARCH = YES;
				SDKROOT = iphoneos;
				SWIFT_ACTIVE_COMPILATION_CONDITIONS = DEBUG;
				SWIFT_OPTIMIZATION_LEVEL = "-Onone";
			};
			name = Debug;
		};
		F3332A172583113F00EA8499 /* Release */ = {
			isa = XCBuildConfiguration;
			buildSettings = {
				ALWAYS_SEARCH_USER_PATHS = NO;
				CLANG_ANALYZER_NONNULL = YES;
				CLANG_ANALYZER_NUMBER_OBJECT_CONVERSION = YES_AGGRESSIVE;
				CLANG_CXX_LANGUAGE_STANDARD = "gnu++14";
				CLANG_CXX_LIBRARY = "libc++";
				CLANG_ENABLE_MODULES = YES;
				CLANG_ENABLE_OBJC_ARC = YES;
				CLANG_ENABLE_OBJC_WEAK = YES;
				CLANG_WARN_BLOCK_CAPTURE_AUTORELEASING = YES;
				CLANG_WARN_BOOL_CONVERSION = YES;
				CLANG_WARN_COMMA = YES;
				CLANG_WARN_CONSTANT_CONVERSION = YES;
				CLANG_WARN_DEPRECATED_OBJC_IMPLEMENTATIONS = YES;
				CLANG_WARN_DIRECT_OBJC_ISA_USAGE = YES_ERROR;
				CLANG_WARN_DOCUMENTATION_COMMENTS = YES;
				CLANG_WARN_EMPTY_BODY = YES;
				CLANG_WARN_ENUM_CONVERSION = YES;
				CLANG_WARN_INFINITE_RECURSION = YES;
				CLANG_WARN_INT_CONVERSION = YES;
				CLANG_WARN_NON_LITERAL_NULL_CONVERSION = YES;
				CLANG_WARN_OBJC_IMPLICIT_RETAIN_SELF = YES;
				CLANG_WARN_OBJC_LITERAL_CONVERSION = YES;
				CLANG_WARN_OBJC_ROOT_CLASS = YES_ERROR;
				CLANG_WARN_QUOTED_INCLUDE_IN_FRAMEWORK_HEADER = YES;
				CLANG_WARN_RANGE_LOOP_ANALYSIS = YES;
				CLANG_WARN_STRICT_PROTOTYPES = YES;
				CLANG_WARN_SUSPICIOUS_MOVE = YES;
				CLANG_WARN_UNGUARDED_AVAILABILITY = YES_AGGRESSIVE;
				CLANG_WARN_UNREACHABLE_CODE = YES;
				CLANG_WARN__DUPLICATE_METHOD_MATCH = YES;
				COPY_PHASE_STRIP = NO;
				DEBUG_INFORMATION_FORMAT = "dwarf-with-dsym";
				ENABLE_NS_ASSERTIONS = NO;
				ENABLE_STRICT_OBJC_MSGSEND = YES;
				GCC_C_LANGUAGE_STANDARD = gnu11;
				GCC_NO_COMMON_BLOCKS = YES;
				GCC_WARN_64_TO_32_BIT_CONVERSION = YES;
				GCC_WARN_ABOUT_RETURN_TYPE = YES_ERROR;
				GCC_WARN_UNDECLARED_SELECTOR = YES;
				GCC_WARN_UNINITIALIZED_AUTOS = YES_AGGRESSIVE;
				GCC_WARN_UNUSED_FUNCTION = YES;
				GCC_WARN_UNUSED_VARIABLE = YES;
				IPHONEOS_DEPLOYMENT_TARGET = 14.1;
				MTL_ENABLE_DEBUG_INFO = NO;
				MTL_FAST_MATH = YES;
				SDKROOT = iphoneos;
				SWIFT_COMPILATION_MODE = wholemodule;
				SWIFT_OPTIMIZATION_LEVEL = "-O";
				VALIDATE_PRODUCT = YES;
			};
			name = Release;
		};
		F3332A192583113F00EA8499 /* Debug */ = {
			isa = XCBuildConfiguration;
			buildSettings = {
				ASSETCATALOG_COMPILER_APPICON_NAME = AppIcon;
				ASSETCATALOG_COMPILER_GLOBAL_ACCENT_COLOR_NAME = AccentColor;
				CODE_SIGN_STYLE = Automatic;
				DEVELOPMENT_TEAM = TC9U39GM37;
				INFOPLIST_FILE = Movies/Info.plist;
				LD_RUNPATH_SEARCH_PATHS = (
					"$(inherited)",
					"@executable_path/Frameworks",
				);
				PRODUCT_BUNDLE_IDENTIFIER = com.demo.Movies;
				PRODUCT_NAME = "$(TARGET_NAME)";
				SWIFT_VERSION = 5.0;
				TARGETED_DEVICE_FAMILY = "1,2";
			};
			name = Debug;
		};
		F3332A1A2583113F00EA8499 /* Release */ = {
			isa = XCBuildConfiguration;
			buildSettings = {
				ASSETCATALOG_COMPILER_APPICON_NAME = AppIcon;
				ASSETCATALOG_COMPILER_GLOBAL_ACCENT_COLOR_NAME = AccentColor;
				CODE_SIGN_STYLE = Automatic;
				DEVELOPMENT_TEAM = TC9U39GM37;
				INFOPLIST_FILE = Movies/Info.plist;
				LD_RUNPATH_SEARCH_PATHS = (
					"$(inherited)",
					"@executable_path/Frameworks",
				);
				PRODUCT_BUNDLE_IDENTIFIER = com.demo.Movies;
				PRODUCT_NAME = "$(TARGET_NAME)";
				SWIFT_VERSION = 5.0;
				TARGETED_DEVICE_FAMILY = "1,2";
			};
			name = Release;
		};
		F3332A1C2583113F00EA8499 /* Debug */ = {
			isa = XCBuildConfiguration;
			buildSettings = {
				ALWAYS_EMBED_SWIFT_STANDARD_LIBRARIES = YES;
				BUNDLE_LOADER = "$(TEST_HOST)";
				CODE_SIGN_STYLE = Automatic;
				DEVELOPMENT_TEAM = TC9U39GM37;
				INFOPLIST_FILE = MoviesTests/Info.plist;
				IPHONEOS_DEPLOYMENT_TARGET = 14.1;
				LD_RUNPATH_SEARCH_PATHS = (
					"$(inherited)",
					"@executable_path/Frameworks",
					"@loader_path/Frameworks",
				);
				PRODUCT_BUNDLE_IDENTIFIER = com.demo.MoviesTests;
				PRODUCT_NAME = "$(TARGET_NAME)";
				SWIFT_VERSION = 5.0;
				TARGETED_DEVICE_FAMILY = "1,2";
				TEST_HOST = "$(BUILT_PRODUCTS_DIR)/Movies.app/Movies";
			};
			name = Debug;
		};
		F3332A1D2583113F00EA8499 /* Release */ = {
			isa = XCBuildConfiguration;
			buildSettings = {
				ALWAYS_EMBED_SWIFT_STANDARD_LIBRARIES = YES;
				BUNDLE_LOADER = "$(TEST_HOST)";
				CODE_SIGN_STYLE = Automatic;
				DEVELOPMENT_TEAM = TC9U39GM37;
				INFOPLIST_FILE = MoviesTests/Info.plist;
				IPHONEOS_DEPLOYMENT_TARGET = 14.1;
				LD_RUNPATH_SEARCH_PATHS = (
					"$(inherited)",
					"@executable_path/Frameworks",
					"@loader_path/Frameworks",
				);
				PRODUCT_BUNDLE_IDENTIFIER = com.demo.MoviesTests;
				PRODUCT_NAME = "$(TARGET_NAME)";
				SWIFT_VERSION = 5.0;
				TARGETED_DEVICE_FAMILY = "1,2";
				TEST_HOST = "$(BUILT_PRODUCTS_DIR)/Movies.app/Movies";
			};
			name = Release;
		};
		F3332A1F2583113F00EA8499 /* Debug */ = {
			isa = XCBuildConfiguration;
			buildSettings = {
				ALWAYS_EMBED_SWIFT_STANDARD_LIBRARIES = YES;
				CODE_SIGN_STYLE = Automatic;
				DEVELOPMENT_TEAM = TC9U39GM37;
				INFOPLIST_FILE = MoviesUITests/Info.plist;
				LD_RUNPATH_SEARCH_PATHS = (
					"$(inherited)",
					"@executable_path/Frameworks",
					"@loader_path/Frameworks",
				);
				PRODUCT_BUNDLE_IDENTIFIER = com.demo.MoviesUITests;
				PRODUCT_NAME = "$(TARGET_NAME)";
				SWIFT_VERSION = 5.0;
				TARGETED_DEVICE_FAMILY = "1,2";
				TEST_TARGET_NAME = Movies;
			};
			name = Debug;
		};
		F3332A202583113F00EA8499 /* Release */ = {
			isa = XCBuildConfiguration;
			buildSettings = {
				ALWAYS_EMBED_SWIFT_STANDARD_LIBRARIES = YES;
				CODE_SIGN_STYLE = Automatic;
				DEVELOPMENT_TEAM = TC9U39GM37;
				INFOPLIST_FILE = MoviesUITests/Info.plist;
				LD_RUNPATH_SEARCH_PATHS = (
					"$(inherited)",
					"@executable_path/Frameworks",
					"@loader_path/Frameworks",
				);
				PRODUCT_BUNDLE_IDENTIFIER = com.demo.MoviesUITests;
				PRODUCT_NAME = "$(TARGET_NAME)";
				SWIFT_VERSION = 5.0;
				TARGETED_DEVICE_FAMILY = "1,2";
				TEST_TARGET_NAME = Movies;
			};
			name = Release;
		};
/* End XCBuildConfiguration section */

/* Begin XCConfigurationList section */
		F33329E92583113D00EA8499 /* Build configuration list for PBXProject "Movies" */ = {
			isa = XCConfigurationList;
			buildConfigurations = (
				F3332A162583113F00EA8499 /* Debug */,
				F3332A172583113F00EA8499 /* Release */,
			);
			defaultConfigurationIsVisible = 0;
			defaultConfigurationName = Release;
		};
		F3332A182583113F00EA8499 /* Build configuration list for PBXNativeTarget "Movies" */ = {
			isa = XCConfigurationList;
			buildConfigurations = (
				F3332A192583113F00EA8499 /* Debug */,
				F3332A1A2583113F00EA8499 /* Release */,
			);
			defaultConfigurationIsVisible = 0;
			defaultConfigurationName = Release;
		};
		F3332A1B2583113F00EA8499 /* Build configuration list for PBXNativeTarget "MoviesTests" */ = {
			isa = XCConfigurationList;
			buildConfigurations = (
				F3332A1C2583113F00EA8499 /* Debug */,
				F3332A1D2583113F00EA8499 /* Release */,
			);
			defaultConfigurationIsVisible = 0;
			defaultConfigurationName = Release;
		};
		F3332A1E2583113F00EA8499 /* Build configuration list for PBXNativeTarget "MoviesUITests" */ = {
			isa = XCConfigurationList;
			buildConfigurations = (
				F3332A1F2583113F00EA8499 /* Debug */,
				F3332A202583113F00EA8499 /* Release */,
			);
			defaultConfigurationIsVisible = 0;
			defaultConfigurationName = Release;
		};
/* End XCConfigurationList section */
	};
	rootObject = F33329E62583113D00EA8499 /* Project object */;
}
